
Microsoft Visual Studio Solution File, Format Version 12.00
# Visual Studio 2017
Project("{FAE04EC0-301F-11D3-BF4B-00C04F79EFBC}") = "Codename Octofin", "Codename Octofin.csproj", "{26E7D66C-0215-2625-5936-28D3A1ED47C2}"
EndProject
Project("{FAE04EC0-301F-11D3-BF4B-00C04F79EFBC}") = "Codename Octofin.Editor", "Codename Octofin.Editor.csproj", "{4C866579-9B6E-48C3-6D00-EFEFBA3A8794}"
EndProject
Global
	GlobalSection(SolutionConfigurationPlatforms) = preSolution
		Debug|Any CPU = Debug|Any CPU
		Release|Any CPU = Release|Any CPU
	EndGlobalSection
	GlobalSection(ProjectConfigurationPlatforms) = postSolution
		{26E7D66C-0215-2625-5936-28D3A1ED47C2}.Debug|Any CPU.ActiveCfg = Debug|Any CPU
		{26E7D66C-0215-2625-5936-28D3A1ED47C2}.Debug|Any CPU.Build.0 = Debug|Any CPU
		{26E7D66C-0215-2625-5936-28D3A1ED47C2}.Release|Any CPU.ActiveCfg = Release|Any CPU
		{26E7D66C-0215-2625-5936-28D3A1ED47C2}.Release|Any CPU.Build.0 = Release|Any CPU
		{4C866579-9B6E-48C3-6D00-EFEFBA3A8794}.Debug|Any CPU.ActiveCfg = Debug|Any CPU
		{4C866579-9B6E-48C3-6D00-EFEFBA3A8794}.Debug|Any CPU.Build.0 = Debug|Any CPU
		{4C866579-9B6E-48C3-6D00-EFEFBA3A8794}.Release|Any CPU.ActiveCfg = Release|Any CPU
		{4C866579-9B6E-48C3-6D00-EFEFBA3A8794}.Release|Any CPU.Build.0 = Release|Any CPU
	EndGlobalSection
	GlobalSection(SolutionProperties) = preSolution
		HideSolutionNode = FALSE
	EndGlobalSection
EndGlobal
